
Microsoft Visual Studio Solution File, Format Version 12.00
# Visual Studio Version 17
VisualStudioVersion = 17.14.36603.0 d17.14
MinimumVisualStudioVersion = 10.0.40219.1
Project("{FAE04EC0-301F-11D3-BF4B-00C04F79EFBC}") = "project1", "project1\project1.csproj", "{FF2DC597-3100-4119-9C81-D791CDB4D2A1}"
EndProject
Global
	GlobalSection(SolutionConfigurationPlatforms) = preSolution
		Debug|Any CPU = Debug|Any CPU
		Release|Any CPU = Release|Any CPU
	EndGlobalSection
	GlobalSection(ProjectConfigurationPlatforms) = postSolution
		{FF2DC597-3100-4119-9C81-D791CDB4D2A1}.Debug|Any CPU.ActiveCfg = Debug|Any CPU
		{FF2DC597-3100-4119-9C81-D791CDB4D2A1}.Debug|Any CPU.Build.0 = Debug|Any CPU
		{FF2DC597-3100-4119-9C81-D791CDB4D2A1}.Release|Any CPU.ActiveCfg = Release|Any CPU
		{FF2DC597-3100-4119-9C81-D791CDB4D2A1}.Release|Any CPU.Build.0 = Release|Any CPU
	EndGlobalSection
	GlobalSection(SolutionProperties) = preSolution
		HideSolutionNode = FALSE
	EndGlobalSection
	GlobalSection(ExtensibilityGlobals) = postSolution
		SolutionGuid = {FCEAA8A2-516B-44DD-82AC-36659A5F0109}
	EndGlobalSection
EndGlobal
